
Microsoft Visual Studio Solution File, Format Version 12.00
# Visual Studio Version 17
VisualStudioVersion = 17.0.31903.59
MinimumVisualStudioVersion = 10.0.40219.1
Project("{2150E333-8FDC-42A3-9474-1A3956D46DE8}") = "Delivery", "Delivery", "{04E0A1F5-03AC-5C89-2916-573A44A6AF3B}"
EndProject
Project("{2150E333-8FDC-42A3-9474-1A3956D46DE8}") = "Orders", "Orders", "{C1E8875C-D70B-9A5C-543D-852EF2502BBD}"
EndProject
Project("{FAE04EC0-301F-11D3-BF4B-00C04F79EFBC}") = "Orders.Service", "Services\Orders\Orders.Service.csproj", "{F5589F09-1348-47F0-BE7C-BCCB407671A0}"
EndProject
Project("{2150E333-8FDC-42A3-9474-1A3956D46DE8}") = "Stubs", "Stubs", "{9B6F32A3-FBFB-DB82-E2FF-A8CEA11DDEAA}"
EndProject
Project("{FAE04EC0-301F-11D3-BF4B-00C04F79EFBC}") = "Common", "Common\Common.csproj", "{D836D307-F176-4700-9617-C67983DEFC61}"
EndProject
Project("{2150E333-8FDC-42A3-9474-1A3956D46DE8}") = "Aspire", "Aspire", "{02EA681E-C7D8-13C7-8484-4AC65E1B71E8}"
EndProject
Project("{FAE04EC0-301F-11D3-BF4B-00C04F79EFBC}") = "IShop.ServiceDefaults", "Aspire\IShop.ServiceDefaults\IShop.ServiceDefaults.csproj", "{8EF6A212-234D-E2F6-AADD-260074B0A4EF}"
EndProject
Project("{FAE04EC0-301F-11D3-BF4B-00C04F79EFBC}") = "IShop.AppHost", "Aspire\IShop.AppHost\IShop.AppHost.csproj", "{083F3095-098F-AC88-7548-E1545ABF1141}"
EndProject
Project("{FAE04EC0-301F-11D3-BF4B-00C04F79EFBC}") = "ApiGateway", "ApiGateway\ApiGateway.csproj", "{ABE66B30-BD47-A7B2-B17B-5BA67959B026}"
EndProject
Project("{2150E333-8FDC-42A3-9474-1A3956D46DE8}") = "Cart", "Cart", "{24133F39-2707-69F9-B8E9-E10A53ECC5E5}"
EndProject
Project("{FAE04EC0-301F-11D3-BF4B-00C04F79EFBC}") = "Cart.Service", "Services\Cart\Cart.Service.csproj", "{DDA725D9-71BC-4C50-AE57-BB59EA637C59}"
EndProject
Project("{2150E333-8FDC-42A3-9474-1A3956D46DE8}") = "Catalog", "Catalog", "{50761A8C-3A0B-6B1B-86AD-17AC9E1B806D}"
EndProject
Project("{FAE04EC0-301F-11D3-BF4B-00C04F79EFBC}") = "Catalog.Service", "Services\Catalog\Catalog.Service.csproj", "{DE8B306A-4F75-4E5B-8D27-86CBDC3C92E5}"
EndProject
Project("{2150E333-8FDC-42A3-9474-1A3956D46DE8}") = "Customer", "Customer", "{97584C5E-698C-14CD-07E8-E9275FC4CDAE}"
EndProject
Project("{FAE04EC0-301F-11D3-BF4B-00C04F79EFBC}") = "Customer.Service", "Services\Customer\Customer.Service.csproj", "{0589B406-592A-4429-AE82-25792858F43E}"
EndProject
Project("{FAE04EC0-301F-11D3-BF4B-00C04F79EFBC}") = "CustomerIntegrationTests", "IntegrationTests\CustomerIntegrationTests\CustomerIntegrationTests.csproj", "{BDA9AB90-9CC5-3FFC-A691-6420F8EC4A5E}"
EndProject
Project("{FAE04EC0-301F-11D3-BF4B-00C04F79EFBC}") = "CartIntegrationTests", "IntegrationTests\CartIntegrationTests\CartIntegrationTests.csproj", "{C8FC1E75-5878-0869-505E-1090F289C1DE}"
EndProject
Project("{FAE04EC0-301F-11D3-BF4B-00C04F79EFBC}") = "CatalogIntegrationTests", "IntegrationTests\CatalogIntegrationTests\CatalogIntegrationTests.csproj", "{2B2041CD-DBE3-D3E7-EAEB-13E807E1C6A3}"
EndProject
Project("{FAE04EC0-301F-11D3-BF4B-00C04F79EFBC}") = "DeliveryIntegrationTests", "IntegrationTests\DeliveryIntegrationTests\DeliveryIntegrationTests.csproj", "{5FDA352C-FF4A-162D-52C4-5325987C88AF}"
EndProject
Project("{2150E333-8FDC-42A3-9474-1A3956D46DE8}") = "Notification", "Notification", "{AA9EE0C7-4E1A-44BC-243C-C4E356DC2F3C}"
EndProject
Project("{FAE04EC0-301F-11D3-BF4B-00C04F79EFBC}") = "Notification.Service", "Services\Notification\Notification.Service.csproj", "{3ADDE812-865C-47B0-8112-56B6315EFFFF}"
EndProject
Project("{2150E333-8FDC-42A3-9474-1A3956D46DE8}") = "Solution Items", "Solution Items", "{8EC462FD-D22E-90A8-E5CE-7E832BA40C5D}"
	ProjectSection(SolutionItems) = preProject
		IShop.slnLaunch.user = IShop.slnLaunch.user
	EndProjectSection
EndProject
Project("{FAE04EC0-301F-11D3-BF4B-00C04F79EFBC}") = "Stubs.Service", "Services\Stubs\Stubs.Service.csproj", "{C285389C-EB89-C8F0-3E50-4B7634D579E8}"
EndProject
Project("{2150E333-8FDC-42A3-9474-1A3956D46DE8}") = "Frontend", "Frontend", "{CE609670-85B9-0D16-FB54-ED063D5D8A6D}"
EndProject
Project("{FAE04EC0-301F-11D3-BF4B-00C04F79EFBC}") = "IShop.Frontend", "Frontend\IShop.Frontend\IShop.Frontend.csproj", "{3F747486-B365-4DEE-A857-50C2955C0B38}"
EndProject
Global
	GlobalSection(SolutionConfigurationPlatforms) = preSolution
		Debug|Any CPU = Debug|Any CPU
		Debug|x64 = Debug|x64
		Debug|x86 = Debug|x86
		Release|Any CPU = Release|Any CPU
		Release|x64 = Release|x64
		Release|x86 = Release|x86
	EndGlobalSection
	GlobalSection(ProjectConfigurationPlatforms) = postSolution
		{F5589F09-1348-47F0-BE7C-BCCB407671A0}.Debug|Any CPU.ActiveCfg = Debug|Any CPU
		{F5589F09-1348-47F0-BE7C-BCCB407671A0}.Debug|Any CPU.Build.0 = Debug|Any CPU
		{F5589F09-1348-47F0-BE7C-BCCB407671A0}.Debug|x64.ActiveCfg = Debug|Any CPU
		{F5589F09-1348-47F0-BE7C-BCCB407671A0}.Debug|x64.Build.0 = Debug|Any CPU
		{F5589F09-1348-47F0-BE7C-BCCB407671A0}.Debug|x86.ActiveCfg = Debug|Any CPU
		{F5589F09-1348-47F0-BE7C-BCCB407671A0}.Debug|x86.Build.0 = Debug|Any CPU
		{F5589F09-1348-47F0-BE7C-BCCB407671A0}.Release|Any CPU.ActiveCfg = Release|Any CPU
		{F5589F09-1348-47F0-BE7C-BCCB407671A0}.Release|Any CPU.Build.0 = Release|Any CPU
		{F5589F09-1348-47F0-BE7C-BCCB407671A0}.Release|x64.ActiveCfg = Release|Any CPU
		{F5589F09-1348-47F0-BE7C-BCCB407671A0}.Release|x64.Build.0 = Release|Any CPU
		{F5589F09-1348-47F0-BE7C-BCCB407671A0}.Release|x86.ActiveCfg = Release|Any CPU
		{F5589F09-1348-47F0-BE7C-BCCB407671A0}.Release|x86.Build.0 = Release|Any CPU
		{D836D307-F176-4700-9617-C67983DEFC61}.Debug|Any CPU.ActiveCfg = Debug|Any CPU
		{D836D307-F176-4700-9617-C67983DEFC61}.Debug|Any CPU.Build.0 = Debug|Any CPU
		{D836D307-F176-4700-9617-C67983DEFC61}.Debug|x64.ActiveCfg = Debug|Any CPU
		{D836D307-F176-4700-9617-C67983DEFC61}.Debug|x64.Build.0 = Debug|Any CPU
		{D836D307-F176-4700-9617-C67983DEFC61}.Debug|x86.ActiveCfg = Debug|Any CPU
		{D836D307-F176-4700-9617-C67983DEFC61}.Debug|x86.Build.0 = Debug|Any CPU
		{D836D307-F176-4700-9617-C67983DEFC61}.Release|Any CPU.ActiveCfg = Release|Any CPU
		{D836D307-F176-4700-9617-C67983DEFC61}.Release|Any CPU.Build.0 = Release|Any CPU
		{D836D307-F176-4700-9617-C67983DEFC61}.Release|x64.ActiveCfg = Release|Any CPU
		{D836D307-F176-4700-9617-C67983DEFC61}.Release|x64.Build.0 = Release|Any CPU
		{D836D307-F176-4700-9617-C67983DEFC61}.Release|x86.ActiveCfg = Release|Any CPU
		{D836D307-F176-4700-9617-C67983DEFC61}.Release|x86.Build.0 = Release|Any CPU
		{8EF6A212-234D-E2F6-AADD-260074B0A4EF}.Debug|Any CPU.ActiveCfg = Debug|Any CPU
		{8EF6A212-234D-E2F6-AADD-260074B0A4EF}.Debug|Any CPU.Build.0 = Debug|Any CPU
		{8EF6A212-234D-E2F6-AADD-260074B0A4EF}.Debug|x64.ActiveCfg = Debug|Any CPU
		{8EF6A212-234D-E2F6-AADD-260074B0A4EF}.Debug|x64.Build.0 = Debug|Any CPU
		{8EF6A212-234D-E2F6-AADD-260074B0A4EF}.Debug|x86.ActiveCfg = Debug|Any CPU
		{8EF6A212-234D-E2F6-AADD-260074B0A4EF}.Debug|x86.Build.0 = Debug|Any CPU
		{8EF6A212-234D-E2F6-AADD-260074B0A4EF}.Release|Any CPU.ActiveCfg = Release|Any CPU
		{8EF6A212-234D-E2F6-AADD-260074B0A4EF}.Release|Any CPU.Build.0 = Release|Any CPU
		{8EF6A212-234D-E2F6-AADD-260074B0A4EF}.Release|x64.ActiveCfg = Release|Any CPU
		{8EF6A212-234D-E2F6-AADD-260074B0A4EF}.Release|x64.Build.0 = Release|Any CPU
		{8EF6A212-234D-E2F6-AADD-260074B0A4EF}.Release|x86.ActiveCfg = Release|Any CPU
		{8EF6A212-234D-E2F6-AADD-260074B0A4EF}.Release|x86.Build.0 = Release|Any CPU
		{083F3095-098F-AC88-7548-E1545ABF1141}.Debug|Any CPU.ActiveCfg = Debug|Any CPU
		{083F3095-098F-AC88-7548-E1545ABF1141}.Debug|Any CPU.Build.0 = Debug|Any CPU
		{083F3095-098F-AC88-7548-E1545ABF1141}.Debug|x64.ActiveCfg = Debug|Any CPU
		{083F3095-098F-AC88-7548-E1545ABF1141}.Debug|x64.Build.0 = Debug|Any CPU
		{083F3095-098F-AC88-7548-E1545ABF1141}.Debug|x86.ActiveCfg = Debug|Any CPU
		{083F3095-098F-AC88-7548-E1545ABF1141}.Debug|x86.Build.0 = Debug|Any CPU
		{083F3095-098F-AC88-7548-E1545ABF1141}.Release|Any CPU.ActiveCfg = Release|Any CPU
		{083F3095-098F-AC88-7548-E1545ABF1141}.Release|Any CPU.Build.0 = Release|Any CPU
		{083F3095-098F-AC88-7548-E1545ABF1141}.Release|x64.ActiveCfg = Release|Any CPU
		{083F3095-098F-AC88-7548-E1545ABF1141}.Release|x64.Build.0 = Release|Any CPU
		{083F3095-098F-AC88-7548-E1545ABF1141}.Release|x86.ActiveCfg = Release|Any CPU
		{083F3095-098F-AC88-7548-E1545ABF1141}.Release|x86.Build.0 = Release|Any CPU
		{ABE66B30-BD47-A7B2-B17B-5BA67959B026}.Debug|Any CPU.ActiveCfg = Debug|Any CPU
		{ABE66B30-BD47-A7B2-B17B-5BA67959B026}.Debug|Any CPU.Build.0 = Debug|Any CPU
		{ABE66B30-BD47-A7B2-B17B-5BA67959B026}.Debug|x64.ActiveCfg = Debug|Any CPU
		{ABE66B30-BD47-A7B2-B17B-5BA67959B026}.Debug|x64.Build.0 = Debug|Any CPU
		{ABE66B30-BD47-A7B2-B17B-5BA67959B026}.Debug|x86.ActiveCfg = Debug|Any CPU
		{ABE66B30-BD47-A7B2-B17B-5BA67959B026}.Debug|x86.Build.0 = Debug|Any CPU
		{ABE66B30-BD47-A7B2-B17B-5BA67959B026}.Release|Any CPU.ActiveCfg = Release|Any CPU
		{ABE66B30-BD47-A7B2-B17B-5BA67959B026}.Release|Any CPU.Build.0 = Release|Any CPU
		{ABE66B30-BD47-A7B2-B17B-5BA67959B026}.Release|x64.ActiveCfg = Release|Any CPU
		{ABE66B30-BD47-A7B2-B17B-5BA67959B026}.Release|x64.Build.0 = Release|Any CPU
		{ABE66B30-BD47-A7B2-B17B-5BA67959B026}.Release|x86.ActiveCfg = Release|Any CPU
		{ABE66B30-BD47-A7B2-B17B-5BA67959B026}.Release|x86.Build.0 = Release|Any CPU
		{DDA725D9-71BC-4C50-AE57-BB59EA637C59}.Debug|Any CPU.ActiveCfg = Debug|Any CPU
		{DDA725D9-71BC-4C50-AE57-BB59EA637C59}.Debug|Any CPU.Build.0 = Debug|Any CPU
		{DDA725D9-71BC-4C50-AE57-BB59EA637C59}.Debug|x64.ActiveCfg = Debug|Any CPU
		{DDA725D9-71BC-4C50-AE57-BB59EA637C59}.Debug|x64.Build.0 = Debug|Any CPU
		{DDA725D9-71BC-4C50-AE57-BB59EA637C59}.Debug|x86.ActiveCfg = Debug|Any CPU
		{DDA725D9-71BC-4C50-AE57-BB59EA637C59}.Debug|x86.Build.0 = Debug|Any CPU
		{DDA725D9-71BC-4C50-AE57-BB59EA637C59}.Release|Any CPU.ActiveCfg = Release|Any CPU
		{DDA725D9-71BC-4C50-AE57-BB59EA637C59}.Release|Any CPU.Build.0 = Release|Any CPU
		{DDA725D9-71BC-4C50-AE57-BB59EA637C59}.Release|x64.ActiveCfg = Release|Any CPU
		{DDA725D9-71BC-4C50-AE57-BB59EA637C59}.Release|x64.Build.0 = Release|Any CPU
		{DDA725D9-71BC-4C50-AE57-BB59EA637C59}.Release|x86.ActiveCfg = Release|Any CPU
		{DDA725D9-71BC-4C50-AE57-BB59EA637C59}.Release|x86.Build.0 = Release|Any CPU
		{DE8B306A-4F75-4E5B-8D27-86CBDC3C92E5}.Debug|Any CPU.ActiveCfg = Debug|Any CPU
		{DE8B306A-4F75-4E5B-8D27-86CBDC3C92E5}.Debug|Any CPU.Build.0 = Debug|Any CPU
		{DE8B306A-4F75-4E5B-8D27-86CBDC3C92E5}.Debug|x64.ActiveCfg = Debug|Any CPU
		{DE8B306A-4F75-4E5B-8D27-86CBDC3C92E5}.Debug|x64.Build.0 = Debug|Any CPU
		{DE8B306A-4F75-4E5B-8D27-86CBDC3C92E5}.Debug|x86.ActiveCfg = Debug|Any CPU
		{DE8B306A-4F75-4E5B-8D27-86CBDC3C92E5}.Debug|x86.Build.0 = Debug|Any CPU
		{DE8B306A-4F75-4E5B-8D27-86CBDC3C92E5}.Release|Any CPU.ActiveCfg = Release|Any CPU
		{DE8B306A-4F75-4E5B-8D27-86CBDC3C92E5}.Release|Any CPU.Build.0 = Release|Any CPU
		{DE8B306A-4F75-4E5B-8D27-86CBDC3C92E5}.Release|x64.ActiveCfg = Release|Any CPU
		{DE8B306A-4F75-4E5B-8D27-86CBDC3C92E5}.Release|x64.Build.0 = Release|Any CPU
		{DE8B306A-4F75-4E5B-8D27-86CBDC3C92E5}.Release|x86.ActiveCfg = Release|Any CPU
		{DE8B306A-4F75-4E5B-8D27-86CBDC3C92E5}.Release|x86.Build.0 = Release|Any CPU
		{0589B406-592A-4429-AE82-25792858F43E}.Debug|Any CPU.ActiveCfg = Debug|Any CPU
		{0589B406-592A-4429-AE82-25792858F43E}.Debug|Any CPU.Build.0 = Debug|Any CPU
		{0589B406-592A-4429-AE82-25792858F43E}.Debug|x64.ActiveCfg = Debug|Any CPU
		{0589B406-592A-4429-AE82-25792858F43E}.Debug|x64.Build.0 = Debug|Any CPU
		{0589B406-592A-4429-AE82-25792858F43E}.Debug|x86.ActiveCfg = Debug|Any CPU
		{0589B406-592A-4429-AE82-25792858F43E}.Debug|x86.Build.0 = Debug|Any CPU
		{0589B406-592A-4429-AE82-25792858F43E}.Release|Any CPU.ActiveCfg = Release|Any CPU
		{0589B406-592A-4429-AE82-25792858F43E}.Release|Any CPU.Build.0 = Release|Any CPU
		{0589B406-592A-4429-AE82-25792858F43E}.Release|x64.ActiveCfg = Release|Any CPU
		{0589B406-592A-4429-AE82-25792858F43E}.Release|x64.Build.0 = Release|Any CPU
		{0589B406-592A-4429-AE82-25792858F43E}.Release|x86.ActiveCfg = Release|Any CPU
		{0589B406-592A-4429-AE82-25792858F43E}.Release|x86.Build.0 = Release|Any CPU
		{BDA9AB90-9CC5-3FFC-A691-6420F8EC4A5E}.Debug|Any CPU.ActiveCfg = Debug|Any CPU
		{BDA9AB90-9CC5-3FFC-A691-6420F8EC4A5E}.Debug|Any CPU.Build.0 = Debug|Any CPU
		{BDA9AB90-9CC5-3FFC-A691-6420F8EC4A5E}.Debug|x64.ActiveCfg = Debug|Any CPU
		{BDA9AB90-9CC5-3FFC-A691-6420F8EC4A5E}.Debug|x64.Build.0 = Debug|Any CPU
		{BDA9AB90-9CC5-3FFC-A691-6420F8EC4A5E}.Debug|x86.ActiveCfg = Debug|Any CPU
		{BDA9AB90-9CC5-3FFC-A691-6420F8EC4A5E}.Debug|x86.Build.0 = Debug|Any CPU
		{BDA9AB90-9CC5-3FFC-A691-6420F8EC4A5E}.Release|Any CPU.ActiveCfg = Release|Any CPU
		{BDA9AB90-9CC5-3FFC-A691-6420F8EC4A5E}.Release|Any CPU.Build.0 = Release|Any CPU
		{BDA9AB90-9CC5-3FFC-A691-6420F8EC4A5E}.Release|x64.ActiveCfg = Release|Any CPU
		{BDA9AB90-9CC5-3FFC-A691-6420F8EC4A5E}.Release|x64.Build.0 = Release|Any CPU
		{BDA9AB90-9CC5-3FFC-A691-6420F8EC4A5E}.Release|x86.ActiveCfg = Release|Any CPU
		{BDA9AB90-9CC5-3FFC-A691-6420F8EC4A5E}.Release|x86.Build.0 = Release|Any CPU
		{C8FC1E75-5878-0869-505E-1090F289C1DE}.Debug|Any CPU.ActiveCfg = Debug|Any CPU
		{C8FC1E75-5878-0869-505E-1090F289C1DE}.Debug|Any CPU.Build.0 = Debug|Any CPU
		{C8FC1E75-5878-0869-505E-1090F289C1DE}.Debug|x64.ActiveCfg = Debug|Any CPU
		{C8FC1E75-5878-0869-505E-1090F289C1DE}.Debug|x64.Build.0 = Debug|Any CPU
		{C8FC1E75-5878-0869-505E-1090F289C1DE}.Debug|x86.ActiveCfg = Debug|Any CPU
		{C8FC1E75-5878-0869-505E-1090F289C1DE}.Debug|x86.Build.0 = Debug|Any CPU
		{C8FC1E75-5878-0869-505E-1090F289C1DE}.Release|Any CPU.ActiveCfg = Release|Any CPU
		{C8FC1E75-5878-0869-505E-1090F289C1DE}.Release|Any CPU.Build.0 = Release|Any CPU
		{C8FC1E75-5878-0869-505E-1090F289C1DE}.Release|x64.ActiveCfg = Release|Any CPU
		{C8FC1E75-5878-0869-505E-1090F289C1DE}.Release|x64.Build.0 = Release|Any CPU
		{C8FC1E75-5878-0869-505E-1090F289C1DE}.Release|x86.ActiveCfg = Release|Any CPU
		{C8FC1E75-5878-0869-505E-1090F289C1DE}.Release|x86.Build.0 = Release|Any CPU
		{2B2041CD-DBE3-D3E7-EAEB-13E807E1C6A3}.Debug|Any CPU.ActiveCfg = Debug|Any CPU
		{2B2041CD-DBE3-D3E7-EAEB-13E807E1C6A3}.Debug|Any CPU.Build.0 = Debug|Any CPU
		{2B2041CD-DBE3-D3E7-EAEB-13E807E1C6A3}.Debug|x64.ActiveCfg = Debug|Any CPU
		{2B2041CD-DBE3-D3E7-EAEB-13E807E1C6A3}.Debug|x64.Build.0 = Debug|Any CPU
		{2B2041CD-DBE3-D3E7-EAEB-13E807E1C6A3}.Debug|x86.ActiveCfg = Debug|Any CPU
		{2B2041CD-DBE3-D3E7-EAEB-13E807E1C6A3}.Debug|x86.Build.0 = Debug|Any CPU
		{2B2041CD-DBE3-D3E7-EAEB-13E807E1C6A3}.Release|Any CPU.ActiveCfg = Release|Any CPU
		{2B2041CD-DBE3-D3E7-EAEB-13E807E1C6A3}.Release|Any CPU.Build.0 = Release|Any CPU
		{2B2041CD-DBE3-D3E7-EAEB-13E807E1C6A3}.Release|x64.ActiveCfg = Release|Any CPU
		{2B2041CD-DBE3-D3E7-EAEB-13E807E1C6A3}.Release|x64.Build.0 = Release|Any CPU
		{2B2041CD-DBE3-D3E7-EAEB-13E807E1C6A3}.Release|x86.ActiveCfg = Release|Any CPU
		{2B2041CD-DBE3-D3E7-EAEB-13E807E1C6A3}.Release|x86.Build.0 = Release|Any CPU
		{5FDA352C-FF4A-162D-52C4-5325987C88AF}.Debug|Any CPU.ActiveCfg = Debug|Any CPU
		{5FDA352C-FF4A-162D-52C4-5325987C88AF}.Debug|Any CPU.Build.0 = Debug|Any CPU
		{5FDA352C-FF4A-162D-52C4-5325987C88AF}.Debug|x64.ActiveCfg = Debug|Any CPU
		{5FDA352C-FF4A-162D-52C4-5325987C88AF}.Debug|x64.Build.0 = Debug|Any CPU
		{5FDA352C-FF4A-162D-52C4-5325987C88AF}.Debug|x86.ActiveCfg = Debug|Any CPU
		{5FDA352C-FF4A-162D-52C4-5325987C88AF}.Debug|x86.Build.0 = Debug|Any CPU
		{5FDA352C-FF4A-162D-52C4-5325987C88AF}.Release|Any CPU.ActiveCfg = Release|Any CPU
		{5FDA352C-FF4A-162D-52C4-5325987C88AF}.Release|Any CPU.Build.0 = Release|Any CPU
		{5FDA352C-FF4A-162D-52C4-5325987C88AF}.Release|x64.ActiveCfg = Release|Any CPU
		{5FDA352C-FF4A-162D-52C4-5325987C88AF}.Release|x64.Build.0 = Release|Any CPU
		{5FDA352C-FF4A-162D-52C4-5325987C88AF}.Release|x86.ActiveCfg = Release|Any CPU
		{5FDA352C-FF4A-162D-52C4-5325987C88AF}.Release|x86.Build.0 = Release|Any CPU
		{3ADDE812-865C-47B0-8112-56B6315EFFFF}.Debug|Any CPU.ActiveCfg = Debug|Any CPU
		{3ADDE812-865C-47B0-8112-56B6315EFFFF}.Debug|Any CPU.Build.0 = Debug|Any CPU
		{3ADDE812-865C-47B0-8112-56B6315EFFFF}.Debug|x64.ActiveCfg = Debug|Any CPU
		{3ADDE812-865C-47B0-8112-56B6315EFFFF}.Debug|x64.Build.0 = Debug|Any CPU
		{3ADDE812-865C-47B0-8112-56B6315EFFFF}.Debug|x86.ActiveCfg = Debug|Any CPU
		{3ADDE812-865C-47B0-8112-56B6315EFFFF}.Debug|x86.Build.0 = Debug|Any CPU
		{3ADDE812-865C-47B0-8112-56B6315EFFFF}.Release|Any CPU.ActiveCfg = Release|Any CPU
		{3ADDE812-865C-47B0-8112-56B6315EFFFF}.Release|Any CPU.Build.0 = Release|Any CPU
		{3ADDE812-865C-47B0-8112-56B6315EFFFF}.Release|x64.ActiveCfg = Release|Any CPU
		{3ADDE812-865C-47B0-8112-56B6315EFFFF}.Release|x64.Build.0 = Release|Any CPU
		{3ADDE812-865C-47B0-8112-56B6315EFFFF}.Release|x86.ActiveCfg = Release|Any CPU
		{3ADDE812-865C-47B0-8112-56B6315EFFFF}.Release|x86.Build.0 = Release|Any CPU
		{C285389C-EB89-C8F0-3E50-4B7634D579E8}.Debug|Any CPU.ActiveCfg = Debug|Any CPU
		{C285389C-EB89-C8F0-3E50-4B7634D579E8}.Debug|Any CPU.Build.0 = Debug|Any CPU
		{C285389C-EB89-C8F0-3E50-4B7634D579E8}.Debug|x64.ActiveCfg = Debug|Any CPU
		{C285389C-EB89-C8F0-3E50-4B7634D579E8}.Debug|x64.Build.0 = Debug|Any CPU
		{C285389C-EB89-C8F0-3E50-4B7634D579E8}.Debug|x86.ActiveCfg = Debug|Any CPU
		{C285389C-EB89-C8F0-3E50-4B7634D579E8}.Debug|x86.Build.0 = Debug|Any CPU
		{C285389C-EB89-C8F0-3E50-4B7634D579E8}.Release|Any CPU.ActiveCfg = Release|Any CPU
		{C285389C-EB89-C8F0-3E50-4B7634D579E8}.Release|Any CPU.Build.0 = Release|Any CPU
		{C285389C-EB89-C8F0-3E50-4B7634D579E8}.Release|x64.ActiveCfg = Release|Any CPU
		{C285389C-EB89-C8F0-3E50-4B7634D579E8}.Release|x64.Build.0 = Release|Any CPU
		{C285389C-EB89-C8F0-3E50-4B7634D579E8}.Release|x86.ActiveCfg = Release|Any CPU
		{C285389C-EB89-C8F0-3E50-4B7634D579E8}.Release|x86.Build.0 = Release|Any CPU
		{3F747486-B365-4DEE-A857-50C2955C0B38}.Debug|Any CPU.ActiveCfg = Debug|Any CPU
		{3F747486-B365-4DEE-A857-50C2955C0B38}.Debug|Any CPU.Build.0 = Debug|Any CPU
		{3F747486-B365-4DEE-A857-50C2955C0B38}.Debug|x64.ActiveCfg = Debug|Any CPU
		{3F747486-B365-4DEE-A857-50C2955C0B38}.Debug|x64.Build.0 = Debug|Any CPU
		{3F747486-B365-4DEE-A857-50C2955C0B38}.Debug|x86.ActiveCfg = Debug|Any CPU
		{3F747486-B365-4DEE-A857-50C2955C0B38}.Debug|x86.Build.0 = Debug|Any CPU
		{3F747486-B365-4DEE-A857-50C2955C0B38}.Release|Any CPU.ActiveCfg = Release|Any CPU
		{3F747486-B365-4DEE-A857-50C2955C0B38}.Release|Any CPU.Build.0 = Release|Any CPU
		{3F747486-B365-4DEE-A857-50C2955C0B38}.Release|x64.ActiveCfg = Release|Any CPU
		{3F747486-B365-4DEE-A857-50C2955C0B38}.Release|x64.Build.0 = Release|Any CPU
		{3F747486-B365-4DEE-A857-50C2955C0B38}.Release|x86.ActiveCfg = Release|Any CPU
		{3F747486-B365-4DEE-A857-50C2955C0B38}.Release|x86.Build.0 = Release|Any CPU
	EndGlobalSection
	GlobalSection(SolutionProperties) = preSolution
		HideSolutionNode = FALSE
	EndGlobalSection
	GlobalSection(NestedProjects) = preSolution
		{F5589F09-1348-47F0-BE7C-BCCB407671A0} = {C1E8875C-D70B-9A5C-543D-852EF2502BBD}
		{8EF6A212-234D-E2F6-AADD-260074B0A4EF} = {02EA681E-C7D8-13C7-8484-4AC65E1B71E8}
		{083F3095-098F-AC88-7548-E1545ABF1141} = {02EA681E-C7D8-13C7-8484-4AC65E1B71E8}
		{DDA725D9-71BC-4C50-AE57-BB59EA637C59} = {24133F39-2707-69F9-B8E9-E10A53ECC5E5}
		{DE8B306A-4F75-4E5B-8D27-86CBDC3C92E5} = {50761A8C-3A0B-6B1B-86AD-17AC9E1B806D}
		{0589B406-592A-4429-AE82-25792858F43E} = {97584C5E-698C-14CD-07E8-E9275FC4CDAE}
		{BDA9AB90-9CC5-3FFC-A691-6420F8EC4A5E} = {97584C5E-698C-14CD-07E8-E9275FC4CDAE}
		{C8FC1E75-5878-0869-505E-1090F289C1DE} = {24133F39-2707-69F9-B8E9-E10A53ECC5E5}
		{2B2041CD-DBE3-D3E7-EAEB-13E807E1C6A3} = {50761A8C-3A0B-6B1B-86AD-17AC9E1B806D}
		{5FDA352C-FF4A-162D-52C4-5325987C88AF} = {04E0A1F5-03AC-5C89-2916-573A44A6AF3B}
		{3ADDE812-865C-47B0-8112-56B6315EFFFF} = {AA9EE0C7-4E1A-44BC-243C-C4E356DC2F3C}
		{C285389C-EB89-C8F0-3E50-4B7634D579E8} = {9B6F32A3-FBFB-DB82-E2FF-A8CEA11DDEAA}
		{3F747486-B365-4DEE-A857-50C2955C0B38} = {CE609670-85B9-0D16-FB54-ED063D5D8A6D}
	EndGlobalSection
	GlobalSection(ExtensibilityGlobals) = postSolution
		SolutionGuid = {419E9BAF-FF04-4C2E-9F7A-AFE80A4866EC}
	EndGlobalSection
EndGlobal
