
Microsoft Visual Studio Solution File, Format Version 12.00
# Visual Studio Version 17
VisualStudioVersion = 17.13.35806.99
MinimumVisualStudioVersion = 10.0.40219.1
Project("{FAE04EC0-301F-11D3-BF4B-00C04F79EFBC}") = "Notify.Dal", "Notify\Notify.Dal\Notify.Dal.csproj", "{8010E0DE-8C68-9F6B-6024-151DCCB6E106}"
EndProject
Project("{2150E333-8FDC-42A3-9474-1A3956D46DE8}") = "Notify", "Notify", "{02EA681E-C7D8-13C7-8484-4AC65E1B71E8}"
EndProject
Project("{FAE04EC0-301F-11D3-BF4B-00C04F79EFBC}") = "Notify.Service", "Notify\Notify.Service\Notify.Service.csproj", "{30E9BAE2-54E0-45D1-81CF-769F6A1B0F1F}"
EndProject
Project("{2150E333-8FDC-42A3-9474-1A3956D46DE8}") = "Billing", "Billing", "{0EB86A6E-D011-4118-B7F6-10F6B20BAC04}"
EndProject
Project("{FAE04EC0-301F-11D3-BF4B-00C04F79EFBC}") = "Billing.Dal", "Billing\Billing.Dal\Billing.Dal.csproj", "{784BDC34-1186-4D8D-9C74-1F9E7A44F2DA}"
EndProject
Project("{FAE04EC0-301F-11D3-BF4B-00C04F79EFBC}") = "Billing.Service", "Billing\Billing.Service\Billing.Service.csproj", "{09C802B2-FAE0-44EF-BBBB-6FF25EB57363}"
EndProject
Project("{2150E333-8FDC-42A3-9474-1A3956D46DE8}") = "Order", "Order", "{058CCC19-8FC7-4EE9-82E2-6CC38CAE1804}"
EndProject
Project("{FAE04EC0-301F-11D3-BF4B-00C04F79EFBC}") = "Order.Service", "Order\Order.Service\Order.Service.csproj", "{72AD903B-68B6-491A-8A74-2F376A566C6E}"
EndProject
Project("{FAE04EC0-301F-11D3-BF4B-00C04F79EFBC}") = "Order.Dal", "Order\Order.Dal\Order.Dal.csproj", "{4F80BD59-9067-4CDA-B4CC-BBB68F97EB1B}"
EndProject
Project("{2150E333-8FDC-42A3-9474-1A3956D46DE8}") = "User", "User", "{74A6A8F7-D194-4C20-993D-FD139290563B}"
EndProject
Project("{FAE04EC0-301F-11D3-BF4B-00C04F79EFBC}") = "User.Service", "User\User.Service\User.Service.csproj", "{A4C17090-968E-4837-8503-FB81DCBE6A48}"
EndProject
Project("{2150E333-8FDC-42A3-9474-1A3956D46DE8}") = "Aspire", "Aspire", "{BA9A5D25-45B9-4986-81EC-DE396AD3F34B}"
EndProject
Project("{FAE04EC0-301F-11D3-BF4B-00C04F79EFBC}") = "ShopApp.AppHost", "Aspire\ShopApp.AppHost\ShopApp.AppHost.csproj", "{0B5513FE-7565-44CC-880E-D9A76957A8F1}"
EndProject
Project("{FAE04EC0-301F-11D3-BF4B-00C04F79EFBC}") = "ShopApp.ServiceDefaults", "Aspire\ShopApp.ServiceDefaults\ShopApp.ServiceDefaults.csproj", "{BF1E6AA2-FA81-AB04-707A-C37E17175EA3}"
EndProject
Project("{FAE04EC0-301F-11D3-BF4B-00C04F79EFBC}") = "ApiGateway", "ApiGateway\ApiGateway.csproj", "{ABE66B30-BD47-A7B2-B17B-5BA67959B026}"
EndProject
Global
	GlobalSection(SolutionConfigurationPlatforms) = preSolution
		Debug|Any CPU = Debug|Any CPU
		Debug|x64 = Debug|x64
		Debug|x86 = Debug|x86
		Release|Any CPU = Release|Any CPU
		Release|x64 = Release|x64
		Release|x86 = Release|x86
	EndGlobalSection
	GlobalSection(ProjectConfigurationPlatforms) = postSolution
		{8010E0DE-8C68-9F6B-6024-151DCCB6E106}.Debug|Any CPU.ActiveCfg = Debug|Any CPU
		{8010E0DE-8C68-9F6B-6024-151DCCB6E106}.Debug|Any CPU.Build.0 = Debug|Any CPU
		{8010E0DE-8C68-9F6B-6024-151DCCB6E106}.Debug|x64.ActiveCfg = Debug|Any CPU
		{8010E0DE-8C68-9F6B-6024-151DCCB6E106}.Debug|x64.Build.0 = Debug|Any CPU
		{8010E0DE-8C68-9F6B-6024-151DCCB6E106}.Debug|x86.ActiveCfg = Debug|Any CPU
		{8010E0DE-8C68-9F6B-6024-151DCCB6E106}.Debug|x86.Build.0 = Debug|Any CPU
		{8010E0DE-8C68-9F6B-6024-151DCCB6E106}.Release|Any CPU.ActiveCfg = Release|Any CPU
		{8010E0DE-8C68-9F6B-6024-151DCCB6E106}.Release|Any CPU.Build.0 = Release|Any CPU
		{8010E0DE-8C68-9F6B-6024-151DCCB6E106}.Release|x64.ActiveCfg = Release|Any CPU
		{8010E0DE-8C68-9F6B-6024-151DCCB6E106}.Release|x64.Build.0 = Release|Any CPU
		{8010E0DE-8C68-9F6B-6024-151DCCB6E106}.Release|x86.ActiveCfg = Release|Any CPU
		{8010E0DE-8C68-9F6B-6024-151DCCB6E106}.Release|x86.Build.0 = Release|Any CPU
		{30E9BAE2-54E0-45D1-81CF-769F6A1B0F1F}.Debug|Any CPU.ActiveCfg = Debug|Any CPU
		{30E9BAE2-54E0-45D1-81CF-769F6A1B0F1F}.Debug|Any CPU.Build.0 = Debug|Any CPU
		{30E9BAE2-54E0-45D1-81CF-769F6A1B0F1F}.Debug|x64.ActiveCfg = Debug|Any CPU
		{30E9BAE2-54E0-45D1-81CF-769F6A1B0F1F}.Debug|x64.Build.0 = Debug|Any CPU
		{30E9BAE2-54E0-45D1-81CF-769F6A1B0F1F}.Debug|x86.ActiveCfg = Debug|Any CPU
		{30E9BAE2-54E0-45D1-81CF-769F6A1B0F1F}.Debug|x86.Build.0 = Debug|Any CPU
		{30E9BAE2-54E0-45D1-81CF-769F6A1B0F1F}.Release|Any CPU.ActiveCfg = Release|Any CPU
		{30E9BAE2-54E0-45D1-81CF-769F6A1B0F1F}.Release|Any CPU.Build.0 = Release|Any CPU
		{30E9BAE2-54E0-45D1-81CF-769F6A1B0F1F}.Release|x64.ActiveCfg = Release|Any CPU
		{30E9BAE2-54E0-45D1-81CF-769F6A1B0F1F}.Release|x64.Build.0 = Release|Any CPU
		{30E9BAE2-54E0-45D1-81CF-769F6A1B0F1F}.Release|x86.ActiveCfg = Release|Any CPU
		{30E9BAE2-54E0-45D1-81CF-769F6A1B0F1F}.Release|x86.Build.0 = Release|Any CPU
		{784BDC34-1186-4D8D-9C74-1F9E7A44F2DA}.Debug|Any CPU.ActiveCfg = Debug|Any CPU
		{784BDC34-1186-4D8D-9C74-1F9E7A44F2DA}.Debug|Any CPU.Build.0 = Debug|Any CPU
		{784BDC34-1186-4D8D-9C74-1F9E7A44F2DA}.Debug|x64.ActiveCfg = Debug|Any CPU
		{784BDC34-1186-4D8D-9C74-1F9E7A44F2DA}.Debug|x64.Build.0 = Debug|Any CPU
		{784BDC34-1186-4D8D-9C74-1F9E7A44F2DA}.Debug|x86.ActiveCfg = Debug|Any CPU
		{784BDC34-1186-4D8D-9C74-1F9E7A44F2DA}.Debug|x86.Build.0 = Debug|Any CPU
		{784BDC34-1186-4D8D-9C74-1F9E7A44F2DA}.Release|Any CPU.ActiveCfg = Release|Any CPU
		{784BDC34-1186-4D8D-9C74-1F9E7A44F2DA}.Release|Any CPU.Build.0 = Release|Any CPU
		{784BDC34-1186-4D8D-9C74-1F9E7A44F2DA}.Release|x64.ActiveCfg = Release|Any CPU
		{784BDC34-1186-4D8D-9C74-1F9E7A44F2DA}.Release|x64.Build.0 = Release|Any CPU
		{784BDC34-1186-4D8D-9C74-1F9E7A44F2DA}.Release|x86.ActiveCfg = Release|Any CPU
		{784BDC34-1186-4D8D-9C74-1F9E7A44F2DA}.Release|x86.Build.0 = Release|Any CPU
		{09C802B2-FAE0-44EF-BBBB-6FF25EB57363}.Debug|Any CPU.ActiveCfg = Debug|Any CPU
		{09C802B2-FAE0-44EF-BBBB-6FF25EB57363}.Debug|Any CPU.Build.0 = Debug|Any CPU
		{09C802B2-FAE0-44EF-BBBB-6FF25EB57363}.Debug|x64.ActiveCfg = Debug|Any CPU
		{09C802B2-FAE0-44EF-BBBB-6FF25EB57363}.Debug|x64.Build.0 = Debug|Any CPU
		{09C802B2-FAE0-44EF-BBBB-6FF25EB57363}.Debug|x86.ActiveCfg = Debug|Any CPU
		{09C802B2-FAE0-44EF-BBBB-6FF25EB57363}.Debug|x86.Build.0 = Debug|Any CPU
		{09C802B2-FAE0-44EF-BBBB-6FF25EB57363}.Release|Any CPU.ActiveCfg = Release|Any CPU
		{09C802B2-FAE0-44EF-BBBB-6FF25EB57363}.Release|Any CPU.Build.0 = Release|Any CPU
		{09C802B2-FAE0-44EF-BBBB-6FF25EB57363}.Release|x64.ActiveCfg = Release|Any CPU
		{09C802B2-FAE0-44EF-BBBB-6FF25EB57363}.Release|x64.Build.0 = Release|Any CPU
		{09C802B2-FAE0-44EF-BBBB-6FF25EB57363}.Release|x86.ActiveCfg = Release|Any CPU
		{09C802B2-FAE0-44EF-BBBB-6FF25EB57363}.Release|x86.Build.0 = Release|Any CPU
		{72AD903B-68B6-491A-8A74-2F376A566C6E}.Debug|Any CPU.ActiveCfg = Debug|Any CPU
		{72AD903B-68B6-491A-8A74-2F376A566C6E}.Debug|Any CPU.Build.0 = Debug|Any CPU
		{72AD903B-68B6-491A-8A74-2F376A566C6E}.Debug|x64.ActiveCfg = Debug|Any CPU
		{72AD903B-68B6-491A-8A74-2F376A566C6E}.Debug|x64.Build.0 = Debug|Any CPU
		{72AD903B-68B6-491A-8A74-2F376A566C6E}.Debug|x86.ActiveCfg = Debug|Any CPU
		{72AD903B-68B6-491A-8A74-2F376A566C6E}.Debug|x86.Build.0 = Debug|Any CPU
		{72AD903B-68B6-491A-8A74-2F376A566C6E}.Release|Any CPU.ActiveCfg = Release|Any CPU
		{72AD903B-68B6-491A-8A74-2F376A566C6E}.Release|Any CPU.Build.0 = Release|Any CPU
		{72AD903B-68B6-491A-8A74-2F376A566C6E}.Release|x64.ActiveCfg = Release|Any CPU
		{72AD903B-68B6-491A-8A74-2F376A566C6E}.Release|x64.Build.0 = Release|Any CPU
		{72AD903B-68B6-491A-8A74-2F376A566C6E}.Release|x86.ActiveCfg = Release|Any CPU
		{72AD903B-68B6-491A-8A74-2F376A566C6E}.Release|x86.Build.0 = Release|Any CPU
		{4F80BD59-9067-4CDA-B4CC-BBB68F97EB1B}.Debug|Any CPU.ActiveCfg = Debug|Any CPU
		{4F80BD59-9067-4CDA-B4CC-BBB68F97EB1B}.Debug|Any CPU.Build.0 = Debug|Any CPU
		{4F80BD59-9067-4CDA-B4CC-BBB68F97EB1B}.Debug|x64.ActiveCfg = Debug|Any CPU
		{4F80BD59-9067-4CDA-B4CC-BBB68F97EB1B}.Debug|x64.Build.0 = Debug|Any CPU
		{4F80BD59-9067-4CDA-B4CC-BBB68F97EB1B}.Debug|x86.ActiveCfg = Debug|Any CPU
		{4F80BD59-9067-4CDA-B4CC-BBB68F97EB1B}.Debug|x86.Build.0 = Debug|Any CPU
		{4F80BD59-9067-4CDA-B4CC-BBB68F97EB1B}.Release|Any CPU.ActiveCfg = Release|Any CPU
		{4F80BD59-9067-4CDA-B4CC-BBB68F97EB1B}.Release|Any CPU.Build.0 = Release|Any CPU
		{4F80BD59-9067-4CDA-B4CC-BBB68F97EB1B}.Release|x64.ActiveCfg = Release|Any CPU
		{4F80BD59-9067-4CDA-B4CC-BBB68F97EB1B}.Release|x64.Build.0 = Release|Any CPU
		{4F80BD59-9067-4CDA-B4CC-BBB68F97EB1B}.Release|x86.ActiveCfg = Release|Any CPU
		{4F80BD59-9067-4CDA-B4CC-BBB68F97EB1B}.Release|x86.Build.0 = Release|Any CPU
		{A4C17090-968E-4837-8503-FB81DCBE6A48}.Debug|Any CPU.ActiveCfg = Debug|Any CPU
		{A4C17090-968E-4837-8503-FB81DCBE6A48}.Debug|Any CPU.Build.0 = Debug|Any CPU
		{A4C17090-968E-4837-8503-FB81DCBE6A48}.Debug|x64.ActiveCfg = Debug|Any CPU
		{A4C17090-968E-4837-8503-FB81DCBE6A48}.Debug|x64.Build.0 = Debug|Any CPU
		{A4C17090-968E-4837-8503-FB81DCBE6A48}.Debug|x86.ActiveCfg = Debug|Any CPU
		{A4C17090-968E-4837-8503-FB81DCBE6A48}.Debug|x86.Build.0 = Debug|Any CPU
		{A4C17090-968E-4837-8503-FB81DCBE6A48}.Release|Any CPU.ActiveCfg = Release|Any CPU
		{A4C17090-968E-4837-8503-FB81DCBE6A48}.Release|Any CPU.Build.0 = Release|Any CPU
		{A4C17090-968E-4837-8503-FB81DCBE6A48}.Release|x64.ActiveCfg = Release|Any CPU
		{A4C17090-968E-4837-8503-FB81DCBE6A48}.Release|x64.Build.0 = Release|Any CPU
		{A4C17090-968E-4837-8503-FB81DCBE6A48}.Release|x86.ActiveCfg = Release|Any CPU
		{A4C17090-968E-4837-8503-FB81DCBE6A48}.Release|x86.Build.0 = Release|Any CPU
		{0B5513FE-7565-44CC-880E-D9A76957A8F1}.Debug|Any CPU.ActiveCfg = Debug|Any CPU
		{0B5513FE-7565-44CC-880E-D9A76957A8F1}.Debug|Any CPU.Build.0 = Debug|Any CPU
		{0B5513FE-7565-44CC-880E-D9A76957A8F1}.Debug|x64.ActiveCfg = Debug|Any CPU
		{0B5513FE-7565-44CC-880E-D9A76957A8F1}.Debug|x64.Build.0 = Debug|Any CPU
		{0B5513FE-7565-44CC-880E-D9A76957A8F1}.Debug|x86.ActiveCfg = Debug|Any CPU
		{0B5513FE-7565-44CC-880E-D9A76957A8F1}.Debug|x86.Build.0 = Debug|Any CPU
		{0B5513FE-7565-44CC-880E-D9A76957A8F1}.Release|Any CPU.ActiveCfg = Release|Any CPU
		{0B5513FE-7565-44CC-880E-D9A76957A8F1}.Release|Any CPU.Build.0 = Release|Any CPU
		{0B5513FE-7565-44CC-880E-D9A76957A8F1}.Release|x64.ActiveCfg = Release|Any CPU
		{0B5513FE-7565-44CC-880E-D9A76957A8F1}.Release|x64.Build.0 = Release|Any CPU
		{0B5513FE-7565-44CC-880E-D9A76957A8F1}.Release|x86.ActiveCfg = Release|Any CPU
		{0B5513FE-7565-44CC-880E-D9A76957A8F1}.Release|x86.Build.0 = Release|Any CPU
		{BF1E6AA2-FA81-AB04-707A-C37E17175EA3}.Debug|Any CPU.ActiveCfg = Debug|Any CPU
		{BF1E6AA2-FA81-AB04-707A-C37E17175EA3}.Debug|Any CPU.Build.0 = Debug|Any CPU
		{BF1E6AA2-FA81-AB04-707A-C37E17175EA3}.Debug|x64.ActiveCfg = Debug|Any CPU
		{BF1E6AA2-FA81-AB04-707A-C37E17175EA3}.Debug|x64.Build.0 = Debug|Any CPU
		{BF1E6AA2-FA81-AB04-707A-C37E17175EA3}.Debug|x86.ActiveCfg = Debug|Any CPU
		{BF1E6AA2-FA81-AB04-707A-C37E17175EA3}.Debug|x86.Build.0 = Debug|Any CPU
		{BF1E6AA2-FA81-AB04-707A-C37E17175EA3}.Release|Any CPU.ActiveCfg = Release|Any CPU
		{BF1E6AA2-FA81-AB04-707A-C37E17175EA3}.Release|Any CPU.Build.0 = Release|Any CPU
		{BF1E6AA2-FA81-AB04-707A-C37E17175EA3}.Release|x64.ActiveCfg = Release|Any CPU
		{BF1E6AA2-FA81-AB04-707A-C37E17175EA3}.Release|x64.Build.0 = Release|Any CPU
		{BF1E6AA2-FA81-AB04-707A-C37E17175EA3}.Release|x86.ActiveCfg = Release|Any CPU
		{BF1E6AA2-FA81-AB04-707A-C37E17175EA3}.Release|x86.Build.0 = Release|Any CPU
		{ABE66B30-BD47-A7B2-B17B-5BA67959B026}.Debug|Any CPU.ActiveCfg = Debug|Any CPU
		{ABE66B30-BD47-A7B2-B17B-5BA67959B026}.Debug|Any CPU.Build.0 = Debug|Any CPU
		{ABE66B30-BD47-A7B2-B17B-5BA67959B026}.Debug|x64.ActiveCfg = Debug|Any CPU
		{ABE66B30-BD47-A7B2-B17B-5BA67959B026}.Debug|x64.Build.0 = Debug|Any CPU
		{ABE66B30-BD47-A7B2-B17B-5BA67959B026}.Debug|x86.ActiveCfg = Debug|Any CPU
		{ABE66B30-BD47-A7B2-B17B-5BA67959B026}.Debug|x86.Build.0 = Debug|Any CPU
		{ABE66B30-BD47-A7B2-B17B-5BA67959B026}.Release|Any CPU.ActiveCfg = Release|Any CPU
		{ABE66B30-BD47-A7B2-B17B-5BA67959B026}.Release|Any CPU.Build.0 = Release|Any CPU
		{ABE66B30-BD47-A7B2-B17B-5BA67959B026}.Release|x64.ActiveCfg = Release|Any CPU
		{ABE66B30-BD47-A7B2-B17B-5BA67959B026}.Release|x64.Build.0 = Release|Any CPU
		{ABE66B30-BD47-A7B2-B17B-5BA67959B026}.Release|x86.ActiveCfg = Release|Any CPU
		{ABE66B30-BD47-A7B2-B17B-5BA67959B026}.Release|x86.Build.0 = Release|Any CPU
	EndGlobalSection
	GlobalSection(SolutionProperties) = preSolution
		HideSolutionNode = FALSE
	EndGlobalSection
	GlobalSection(NestedProjects) = preSolution
		{8010E0DE-8C68-9F6B-6024-151DCCB6E106} = {02EA681E-C7D8-13C7-8484-4AC65E1B71E8}
		{30E9BAE2-54E0-45D1-81CF-769F6A1B0F1F} = {02EA681E-C7D8-13C7-8484-4AC65E1B71E8}
		{784BDC34-1186-4D8D-9C74-1F9E7A44F2DA} = {0EB86A6E-D011-4118-B7F6-10F6B20BAC04}
		{09C802B2-FAE0-44EF-BBBB-6FF25EB57363} = {0EB86A6E-D011-4118-B7F6-10F6B20BAC04}
		{72AD903B-68B6-491A-8A74-2F376A566C6E} = {058CCC19-8FC7-4EE9-82E2-6CC38CAE1804}
		{4F80BD59-9067-4CDA-B4CC-BBB68F97EB1B} = {058CCC19-8FC7-4EE9-82E2-6CC38CAE1804}
		{A4C17090-968E-4837-8503-FB81DCBE6A48} = {74A6A8F7-D194-4C20-993D-FD139290563B}
		{0B5513FE-7565-44CC-880E-D9A76957A8F1} = {BA9A5D25-45B9-4986-81EC-DE396AD3F34B}
		{BF1E6AA2-FA81-AB04-707A-C37E17175EA3} = {BA9A5D25-45B9-4986-81EC-DE396AD3F34B}
	EndGlobalSection
	GlobalSection(ExtensibilityGlobals) = postSolution
		SolutionGuid = {BB625EA2-7258-49B6-8635-DE63ED73BEC2}
	EndGlobalSection
EndGlobal
